// !$*UTF8*$!
{
	archiveVersion = 1;
	classes = {
	};
	objectVersion = 77;
	objects = {

/* Begin PBXContainerItemProxy section */
		74E63AB12D5D5AF7003C0744 /* PBXContainerItemProxy */ = {
			isa = PBXContainerItemProxy;
			containerPortal = 74E63A982D5D5AF5003C0744 /* Project object */;
			proxyType = 1;
			remoteGlobalIDString = 74E63A9F2D5D5AF5003C0744;
			remoteInfo = FlickrCodeChallenge;
		};
		74E63ABB2D5D5AF7003C0744 /* PBXContainerItemProxy */ = {
			isa = PBXContainerItemProxy;
			containerPortal = 74E63A982D5D5AF5003C0744 /* Project object */;
			proxyType = 1;
			remoteGlobalIDString = 74E63A9F2D5D5AF5003C0744;
			remoteInfo = FlickrCodeChallenge;
		};
/* End PBXContainerItemProxy section */

/* Begin PBXFileReference section */
		74E63AA02D5D5AF5003C0744 /* FlickrCodeChallenge.app */ = {isa = PBXFileReference; explicitFileType = wrapper.application; includeInIndex = 0; path = FlickrCodeChallenge.app; sourceTree = BUILT_PRODUCTS_DIR; };
		74E63AB02D5D5AF7003C0744 /* FlickrCodeChallengeTests.xctest */ = {isa = PBXFileReference; explicitFileType = wrapper.cfbundle; includeInIndex = 0; path = FlickrCodeChallengeTests.xctest; sourceTree = BUILT_PRODUCTS_DIR; };
		74E63ABA2D5D5AF7003C0744 /* FlickrCodeChallengeUITests.xctest */ = {isa = PBXFileReference; explicitFileType = wrapper.cfbundle; includeInIndex = 0; path = FlickrCodeChallengeUITests.xctest; sourceTree = BUILT_PRODUCTS_DIR; };
/* End PBXFileReference section */

/* Begin PBXFileSystemSynchronizedRootGroup section */
		74E63AA22D5D5AF5003C0744 /* FlickrCodeChallenge */ = {
			isa = PBXFileSystemSynchronizedRootGroup;
			path = FlickrCodeChallenge;
			sourceTree = "<group>";
		};
		74E63AB32D5D5AF7003C0744 /* FlickrCodeChallengeTests */ = {
			isa = PBXFileSystemSynchronizedRootGroup;
			path = FlickrCodeChallengeTests;
			sourceTree = "<group>";
		};
/* End PBXFileSystemSynchronizedRootGroup section */

/* Begin PBXFrameworksBuildPhase section */
		74E63A9D2D5D5AF5003C0744 /* Frameworks */ = {
			isa = PBXFrameworksBuildPhase;
			buildActionMask = 2147483647;
			files = (
			);
			runOnlyForDeploymentPostprocessing = 0;
		};
		74E63AAD2D5D5AF7003C0744 /* Frameworks */ = {
			isa = PBXFrameworksBuildPhase;
			buildActionMask = 2147483647;
			files = (
			);
			runOnlyForDeploymentPostprocessing = 0;
		};
		74E63AB72D5D5AF7003C0744 /* Frameworks */ = {
			isa = PBXFrameworksBuildPhase;
			buildActionMask = 2147483647;
			files = (
			);
			runOnlyForDeploymentPostprocessing = 0;
		};
/* End PBXFrameworksBuildPhase section */

/* Begin PBXGroup section */
		74E63A972D5D5AF5003C0744 = {
			isa = PBXGroup;
			children = (
				74E63AA22D5D5AF5003C0744 /* FlickrCodeChallenge */,
				74E63AB32D5D5AF7003C0744 /* FlickrCodeChallengeTests */,
				74E63AA12D5D5AF5003C0744 /* Products */,
			);
			sourceTree = "<group>";
		};
		74E63AA12D5D5AF5003C0744 /* Products */ = {
			isa = PBXGroup;
			children = (
				74E63AA02D5D5AF5003C0744 /* FlickrCodeChallenge.app */,
				74E63AB02D5D5AF7003C0744 /* FlickrCodeChallengeTests.xctest */,
				74E63ABA2D5D5AF7003C0744 /* FlickrCodeChallengeUITests.xctest */,
			);
			name = Products;
			sourceTree = "<group>";
		};
/* End PBXGroup section */

/* Begin PBXNativeTarget section */
		74E63A9F2D5D5AF5003C0744 /* FlickrCodeChallenge */ = {
			isa = PBXNativeTarget;
			buildConfigurationList = 74E63AC42D5D5AF7003C0744 /* Build configuration list for PBXNativeTarget "FlickrCodeChallenge" */;
			buildPhases = (
				74E63A9C2D5D5AF5003C0744 /* Sources */,
				74E63A9D2D5D5AF5003C0744 /* Frameworks */,
				74E63A9E2D5D5AF5003C0744 /* Resources */,
			);
			buildRules = (
			);
			dependencies = (
			);
			fileSystemSynchronizedGroups = (
				74E63AA22D5D5AF5003C0744 /* FlickrCodeChallenge */,
			);
			name = FlickrCodeChallenge;
			packageProductDependencies = (
			);
			productName = FlickrCodeChallenge;
			productReference = 74E63AA02D5D5AF5003C0744 /* FlickrCodeChallenge.app */;
			productType = "com.apple.product-type.application";
		};
		74E63AAF2D5D5AF7003C0744 /* FlickrCodeChallengeTests */ = {
			isa = PBXNativeTarget;
			buildConfigurationList = 74E63AC72D5D5AF7003C0744 /* Build configuration list for PBXNativeTarget "FlickrCodeChallengeTests" */;
			buildPhases = (
				74E63AAC2D5D5AF7003C0744 /* Sources */,
				74E63AAD2D5D5AF7003C0744 /* Frameworks */,
				74E63AAE2D5D5AF7003C0744 /* Resources */,
			);
			buildRules = (
			);
			dependencies = (
				74E63AB22D5D5AF7003C0744 /* PBXTargetDependency */,
			);
			fileSystemSynchronizedGroups = (
				74E63AB32D5D5AF7003C0744 /* FlickrCodeChallengeTests */,
			);
			name = FlickrCodeChallengeTests;
			packageProductDependencies = (
			);
			productName = FlickrCodeChallengeTests;
			productReference = 74E63AB02D5D5AF7003C0744 /* FlickrCodeChallengeTests.xctest */;
			productType = "com.apple.product-type.bundle.unit-test";
		};
		74E63AB92D5D5AF7003C0744 /* FlickrCodeChallengeUITests */ = {
			isa = PBXNativeTarget;
			buildConfigurationList = 74E63ACA2D5D5AF7003C0744 /* Build configuration list for PBXNativeTarget "FlickrCodeChallengeUITests" */;
			buildPhases = (
				74E63AB62D5D5AF7003C0744 /* Sources */,
				74E63AB72D5D5AF7003C0744 /* Frameworks */,
				74E63AB82D5D5AF7003C0744 /* Resources */,
			);
			buildRules = (
			);
			dependencies = (
				74E63ABC2D5D5AF7003C0744 /* PBXTargetDependency */,
			);
			name = FlickrCodeChallengeUITests;
			packageProductDependencies = (
			);
			productName = FlickrCodeChallengeUITests;
			productReference = 74E63ABA2D5D5AF7003C0744 /* FlickrCodeChallengeUITests.xctest */;
			productType = "com.apple.product-type.bundle.ui-testing";
		};
/* End PBXNativeTarget section */

/* Begin PBXProject section */
		74E63A982D5D5AF5003C0744 /* Project object */ = {
			isa = PBXProject;
			attributes = {
				BuildIndependentTargetsInParallel = 1;
				LastSwiftUpdateCheck = 1610;
				LastUpgradeCheck = 1610;
				TargetAttributes = {
					74E63A9F2D5D5AF5003C0744 = {
						CreatedOnToolsVersion = 16.1;
					};
					74E63AAF2D5D5AF7003C0744 = {
						CreatedOnToolsVersion = 16.1;
						TestTargetID = 74E63A9F2D5D5AF5003C0744;
					};
					74E63AB92D5D5AF7003C0744 = {
						CreatedOnToolsVersion = 16.1;
						TestTargetID = 74E63A9F2D5D5AF5003C0744;
					};
				};
			};
			buildConfigurationList = 74E63A9B2D5D5AF5003C0744 /* Build configuration list for PBXProject "FlickrCodeChallenge" */;
			developmentRegion = en;
			hasScannedForEncodings = 0;
			knownRegions = (
				en,
				Base,
			);
			mainGroup = 74E63A972D5D5AF5003C0744;
			minimizedProjectReferenceProxies = 1;
			preferredProjectObjectVersion = 77;
			productRefGroup = 74E63AA12D5D5AF5003C0744 /* Products */;
			projectDirPath = "";
			projectRoot = "";
			targets = (
				74E63A9F2D5D5AF5003C0744 /* FlickrCodeChallenge */,
				74E63AAF2D5D5AF7003C0744 /* FlickrCodeChallengeTests */,
				74E63AB92D5D5AF7003C0744 /* FlickrCodeChallengeUITests */,
			);
		};
/* End PBXProject section */

/* Begin PBXResourcesBuildPhase section */
		74E63A9E2D5D5AF5003C0744 /* Resources */ = {
			isa = PBXResourcesBuildPhase;
			buildActionMask = 2147483647;
			files = (
			);
			runOnlyForDeploymentPostprocessing = 0;
		};
		74E63AAE2D5D5AF7003C0744 /* Resources */ = {
			isa = PBXResourcesBuildPhase;
			buildActionMask = 2147483647;
			files = (
			);
			runOnlyForDeploymentPostprocessing = 0;
		};
		74E63AB82D5D5AF7003C0744 /* Resources */ = {
			isa = PBXResourcesBuildPhase;
			buildActionMask = 2147483647;
			files = (
			);
			runOnlyForDeploymentPostprocessing = 0;
		};
/* End PBXResourcesBuildPhase section */

/* Begin PBXSourcesBuildPhase section */
		74E63A9C2D5D5AF5003C0744 /* Sources */ = {
			isa = PBXSourcesBuildPhase;
			buildActionMask = 2147483647;
			files = (
			);
			runOnlyForDeploymentPostprocessing = 0;
		};
		74E63AAC2D5D5AF7003C0744 /* Sources */ = {
			isa = PBXSourcesBuildPhase;
			buildActionMask = 2147483647;
			files = (
			);
			runOnlyForDeploymentPostprocessing = 0;
		};
		74E63AB62D5D5AF7003C0744 /* Sources */ = {
			isa = PBXSourcesBuildPhase;
			buildActionMask = 2147483647;
			files = (
			);
			runOnlyForDeploymentPostprocessing = 0;
		};
/* End PBXSourcesBuildPhase section */

/* Begin PBXTargetDependency section */
		74E63AB22D5D5AF7003C0744 /* PBXTargetDependency */ = {
			isa = PBXTargetDependency;
			target = 74E63A9F2D5D5AF5003C0744 /* FlickrCodeChallenge */;
			targetProxy = 74E63AB12D5D5AF7003C0744 /* PBXContainerItemProxy */;
		};
		74E63ABC2D5D5AF7003C0744 /* PBXTargetDependency */ = {
			isa = PBXTargetDependency;
			target = 74E63A9F2D5D5AF5003C0744 /* FlickrCodeChallenge */;
			targetProxy = 74E63ABB2D5D5AF7003C0744 /* PBXContainerItemProxy */;
		};
/* End PBXTargetDependency section */

/* Begin XCBuildConfiguration section */
		74E63AC22D5D5AF7003C0744 /* Debug */ = {
			isa = XCBuildConfiguration;
			buildSettings = {
				ALWAYS_SEARCH_USER_PATHS = NO;
				ASSETCATALOG_COMPILER_GENERATE_SWIFT_ASSET_SYMBOL_EXTENSIONS = YES;
				CLANG_ANALYZER_NONNULL = YES;
				CLANG_ANALYZER_NUMBER_OBJECT_CONVERSION = YES_AGGRESSIVE;
				CLANG_CXX_LANGUAGE_STANDARD = "gnu++20";
				CLANG_ENABLE_MODULES = YES;
				CLANG_ENABLE_OBJC_ARC = YES;
				CLANG_ENABLE_OBJC_WEAK = YES;
				CLANG_WARN_BLOCK_CAPTURE_AUTORELEASING = YES;
				CLANG_WARN_BOOL_CONVERSION = YES;
				CLANG_WARN_COMMA = YES;
				CLANG_WARN_CONSTANT_CONVERSION = YES;
				CLANG_WARN_DEPRECATED_OBJC_IMPLEMENTATIONS = YES;
				CLANG_WARN_DIRECT_OBJC_ISA_USAGE = YES_ERROR;
				CLANG_WARN_DOCUMENTATION_COMMENTS = YES;
				CLANG_WARN_EMPTY_BODY = YES;
				CLANG_WARN_ENUM_CONVERSION = YES;
				CLANG_WARN_INFINITE_RECURSION = YES;
				CLANG_WARN_INT_CONVERSION = YES;
				CLANG_WARN_NON_LITERAL_NULL_CONVERSION = YES;
				CLANG_WARN_OBJC_IMPLICIT_RETAIN_SELF = YES;
				CLANG_WARN_OBJC_LITERAL_CONVERSION = YES;
				CLANG_WARN_OBJC_ROOT_CLASS = YES_ERROR;
				CLANG_WARN_QUOTED_INCLUDE_IN_FRAMEWORK_HEADER = YES;
				CLANG_WARN_RANGE_LOOP_ANALYSIS = YES;
				CLANG_WARN_STRICT_PROTOTYPES = YES;
				CLANG_WARN_SUSPICIOUS_MOVE = YES;
				CLANG_WARN_UNGUARDED_AVAILABILITY = YES_AGGRESSIVE;
				CLANG_WARN_UNREACHABLE_CODE = YES;
				CLANG_WARN__DUPLICATE_METHOD_MATCH = YES;
				COPY_PHASE_STRIP = NO;
				DEBUG_INFORMATION_FORMAT = dwarf;
				ENABLE_STRICT_OBJC_MSGSEND = YES;
				ENABLE_TESTABILITY = YES;
				ENABLE_USER_SCRIPT_SANDBOXING = YES;
				GCC_C_LANGUAGE_STANDARD = gnu17;
				GCC_DYNAMIC_NO_PIC = NO;
				GCC_NO_COMMON_BLOCKS = YES;
				GCC_OPTIMIZATION_LEVEL = 0;
				GCC_PREPROCESSOR_DEFINITIONS = (
					"DEBUG=1",
					"$(inherited)",
				);
				GCC_WARN_64_TO_32_BIT_CONVERSION = YES;
				GCC_WARN_ABOUT_RETURN_TYPE = YES_ERROR;
				GCC_WARN_UNDECLARED_SELECTOR = YES;
				GCC_WARN_UNINITIALIZED_AUTOS = YES_AGGRESSIVE;
				GCC_WARN_UNUSED_FUNCTION = YES;
				GCC_WARN_UNUSED_VARIABLE = YES;
				IPHONEOS_DEPLOYMENT_TARGET = 18.1;
				LOCALIZATION_PREFERS_STRING_CATALOGS = YES;
				MTL_ENABLE_DEBUG_INFO = INCLUDE_SOURCE;
				MTL_FAST_MATH = YES;
				ONLY_ACTIVE_ARCH = YES;
				SDKROOT = iphoneos;
				SWIFT_ACTIVE_COMPILATION_CONDITIONS = "DEBUG $(inherited)";
				SWIFT_OPTIMIZATION_LEVEL = "-Onone";
			};
			name = Debug;
		};
		74E63AC32D5D5AF7003C0744 /* Release */ = {
			isa = XCBuildConfiguration;
			buildSettings = {
				ALWAYS_SEARCH_USER_PATHS = NO;
				ASSETCATALOG_COMPILER_GENERATE_SWIFT_ASSET_SYMBOL_EXTENSIONS = YES;
				CLANG_ANALYZER_NONNULL = YES;
				CLANG_ANALYZER_NUMBER_OBJECT_CONVERSION = YES_AGGRESSIVE;
				CLANG_CXX_LANGUAGE_STANDARD = "gnu++20";
				CLANG_ENABLE_MODULES = YES;
				CLANG_ENABLE_OBJC_ARC = YES;
				CLANG_ENABLE_OBJC_WEAK = YES;
				CLANG_WARN_BLOCK_CAPTURE_AUTORELEASING = YES;
				CLANG_WARN_BOOL_CONVERSION = YES;
				CLANG_WARN_COMMA = YES;
				CLANG_WARN_CONSTANT_CONVERSION = YES;
				CLANG_WARN_DEPRECATED_OBJC_IMPLEMENTATIONS = YES;
				CLANG_WARN_DIRECT_OBJC_ISA_USAGE = YES_ERROR;
				CLANG_WARN_DOCUMENTATION_COMMENTS = YES;
				CLANG_WARN_EMPTY_BODY = YES;
				CLANG_WARN_ENUM_CONVERSION = YES;
				CLANG_WARN_INFINITE_RECURSION = YES;
				CLANG_WARN_INT_CONVERSION = YES;
				CLANG_WARN_NON_LITERAL_NULL_CONVERSION = YES;
				CLANG_WARN_OBJC_IMPLICIT_RETAIN_SELF = YES;
				CLANG_WARN_OBJC_LITERAL_CONVERSION = YES;
				CLANG_WARN_OBJC_ROOT_CLASS = YES_ERROR;
				CLANG_WARN_QUOTED_INCLUDE_IN_FRAMEWORK_HEADER = YES;
				CLANG_WARN_RANGE_LOOP_ANALYSIS = YES;
				CLANG_WARN_STRICT_PROTOTYPES = YES;
				CLANG_WARN_SUSPICIOUS_MOVE = YES;
				CLANG_WARN_UNGUARDED_AVAILABILITY = YES_AGGRESSIVE;
				CLANG_WARN_UNREACHABLE_CODE = YES;
				CLANG_WARN__DUPLICATE_METHOD_MATCH = YES;
				COPY_PHASE_STRIP = NO;
				DEBUG_INFORMATION_FORMAT = "dwarf-with-dsym";
				ENABLE_NS_ASSERTIONS = NO;
				ENABLE_STRICT_OBJC_MSGSEND = YES;
				ENABLE_USER_SCRIPT_SANDBOXING = YES;
				GCC_C_LANGUAGE_STANDARD = gnu17;
				GCC_NO_COMMON_BLOCKS = YES;
				GCC_WARN_64_TO_32_BIT_CONVERSION = YES;
				GCC_WARN_ABOUT_RETURN_TYPE = YES_ERROR;
				GCC_WARN_UNDECLARED_SELECTOR = YES;
				GCC_WARN_UNINITIALIZED_AUTOS = YES_AGGRESSIVE;
				GCC_WARN_UNUSED_FUNCTION = YES;
				GCC_WARN_UNUSED_VARIABLE = YES;
				IPHONEOS_DEPLOYMENT_TARGET = 18.1;
				LOCALIZATION_PREFERS_STRING_CATALOGS = YES;
				MTL_ENABLE_DEBUG_INFO = NO;
				MTL_FAST_MATH = YES;
				SDKROOT = iphoneos;
				SWIFT_COMPILATION_MODE = wholemodule;
				VALIDATE_PRODUCT = YES;
			};
			name = Release;
		};
		74E63AC52D5D5AF7003C0744 /* Debug */ = {
			isa = XCBuildConfiguration;
			buildSettings = {
				ASSETCATALOG_COMPILER_APPICON_NAME = AppIcon;
				ASSETCATALOG_COMPILER_GLOBAL_ACCENT_COLOR_NAME = AccentColor;
				CODE_SIGN_IDENTITY = "Apple Development";
				CODE_SIGN_STYLE = Automatic;
				CURRENT_PROJECT_VERSION = 1;
				DEVELOPMENT_ASSET_PATHS = "\"FlickrCodeChallenge/Preview Content\"";
				DEVELOPMENT_TEAM = 5GC95NP93V;
				ENABLE_PREVIEWS = YES;
				GENERATE_INFOPLIST_FILE = YES;
				INFOPLIST_KEY_UIApplicationSceneManifest_Generation = YES;
				INFOPLIST_KEY_UIApplicationSupportsIndirectInputEvents = YES;
				INFOPLIST_KEY_UILaunchScreen_Generation = YES;
				INFOPLIST_KEY_UISupportedInterfaceOrientations_iPad = "UIInterfaceOrientationPortrait UIInterfaceOrientationPortraitUpsideDown UIInterfaceOrientationLandscapeLeft UIInterfaceOrientationLandscapeRight";
				INFOPLIST_KEY_UISupportedInterfaceOrientations_iPhone = "UIInterfaceOrientationPortrait UIInterfaceOrientationLandscapeLeft UIInterfaceOrientationLandscapeRight";
				LD_RUNPATH_SEARCH_PATHS = (
					"$(inherited)",
					"@executable_path/Frameworks",
				);
				MARKETING_VERSION = 1.0;
				PRODUCT_BUNDLE_IDENTIFIER = com.flickrcode.challenge.FlickrCodeChallenge;
				PRODUCT_NAME = "$(TARGET_NAME)";
				PROVISIONING_PROFILE_SPECIFIER = "";
				SWIFT_EMIT_LOC_STRINGS = YES;
				SWIFT_VERSION = 5.0;
				TARGETED_DEVICE_FAMILY = "1,2";
			};
			name = Debug;
		};
		74E63AC62D5D5AF7003C0744 /* Release */ = {
			isa = XCBuildConfiguration;
			buildSettings = {
				ASSETCATALOG_COMPILER_APPICON_NAME = AppIcon;
				ASSETCATALOG_COMPILER_GLOBAL_ACCENT_COLOR_NAME = AccentColor;
				CODE_SIGN_IDENTITY = "Apple Development";
				CODE_SIGN_STYLE = Automatic;
				CURRENT_PROJECT_VERSION = 1;
				DEVELOPMENT_ASSET_PATHS = "\"FlickrCodeChallenge/Preview Content\"";
				DEVELOPMENT_TEAM = 5GC95NP93V;
				ENABLE_PREVIEWS = YES;
				GENERATE_INFOPLIST_FILE = YES;
				INFOPLIST_KEY_UIApplicationSceneManifest_Generation = YES;
				INFOPLIST_KEY_UIApplicationSupportsIndirectInputEvents = YES;
				INFOPLIST_KEY_UILaunchScreen_Generation = YES;
				INFOPLIST_KEY_UISupportedInterfaceOrientations_iPad = "UIInterfaceOrientationPortrait UIInterfaceOrientationPortraitUpsideDown UIInterfaceOrientationLandscapeLeft UIInterfaceOrientationLandscapeRight";
				INFOPLIST_KEY_UISupportedInterfaceOrientations_iPhone = "UIInterfaceOrientationPortrait UIInterfaceOrientationLandscapeLeft UIInterfaceOrientationLandscapeRight";
				LD_RUNPATH_SEARCH_PATHS = (
					"$(inherited)",
					"@executable_path/Frameworks",
				);
				MARKETING_VERSION = 1.0;
				PRODUCT_BUNDLE_IDENTIFIER = com.flickrcode.challenge.FlickrCodeChallenge;
				PRODUCT_NAME = "$(TARGET_NAME)";
				PROVISIONING_PROFILE_SPECIFIER = "";
				SWIFT_EMIT_LOC_STRINGS = YES;
				SWIFT_VERSION = 5.0;
				TARGETED_DEVICE_FAMILY = "1,2";
			};
			name = Release;
		};
		74E63AC82D5D5AF7003C0744 /* Debug */ = {
			isa = XCBuildConfiguration;
			buildSettings = {
				BUNDLE_LOADER = "$(TEST_HOST)";
				CODE_SIGN_IDENTITY = "Apple Development";
				CODE_SIGN_STYLE = Automatic;
				CURRENT_PROJECT_VERSION = 1;
				DEVELOPMENT_TEAM = 5GC95NP93V;
				GENERATE_INFOPLIST_FILE = YES;
				IPHONEOS_DEPLOYMENT_TARGET = 18.1;
				MARKETING_VERSION = 1.0;
				PRODUCT_BUNDLE_IDENTIFIER = com.flickrcode.challenge.FlickrCodeChallengeTests;
				PRODUCT_NAME = "$(TARGET_NAME)";
				PROVISIONING_PROFILE_SPECIFIER = "";
				SWIFT_EMIT_LOC_STRINGS = NO;
				SWIFT_VERSION = 5.0;
				TARGETED_DEVICE_FAMILY = "1,2";
				TEST_HOST = "$(BUILT_PRODUCTS_DIR)/FlickrCodeChallenge.app/$(BUNDLE_EXECUTABLE_FOLDER_PATH)/FlickrCodeChallenge";
			};
			name = Debug;
		};
		74E63AC92D5D5AF7003C0744 /* Release */ = {
			isa = XCBuildConfiguration;
			buildSettings = {
				BUNDLE_LOADER = "$(TEST_HOST)";
				CODE_SIGN_IDENTITY = "Apple Development";
				CODE_SIGN_STYLE = Automatic;
				CURRENT_PROJECT_VERSION = 1;
				DEVELOPMENT_TEAM = 5GC95NP93V;
				GENERATE_INFOPLIST_FILE = YES;
				IPHONEOS_DEPLOYMENT_TARGET = 18.1;
				MARKETING_VERSION = 1.0;
				PRODUCT_BUNDLE_IDENTIFIER = com.flickrcode.challenge.FlickrCodeChallengeTests;
				PRODUCT_NAME = "$(TARGET_NAME)";
				PROVISIONING_PROFILE_SPECIFIER = "";
				SWIFT_EMIT_LOC_STRINGS = NO;
				SWIFT_VERSION = 5.0;
				TARGETED_DEVICE_FAMILY = "1,2";
				TEST_HOST = "$(BUILT_PRODUCTS_DIR)/FlickrCodeChallenge.app/$(BUNDLE_EXECUTABLE_FOLDER_PATH)/FlickrCodeChallenge";
			};
			name = Release;
		};
		74E63ACB2D5D5AF7003C0744 /* Debug */ = {
			isa = XCBuildConfiguration;
			buildSettings = {
				CODE_SIGN_IDENTITY = "Apple Development";
				CODE_SIGN_STYLE = Automatic;
				CURRENT_PROJECT_VERSION = 1;
				DEVELOPMENT_TEAM = 5GC95NP93V;
				GENERATE_INFOPLIST_FILE = YES;
				MARKETING_VERSION = 1.0;
				PRODUCT_BUNDLE_IDENTIFIER = com.flickrcode.challenge.FlickrCodeChallengeUITests;
				PRODUCT_NAME = "$(TARGET_NAME)";
				PROVISIONING_PROFILE_SPECIFIER = "";
				SWIFT_EMIT_LOC_STRINGS = NO;
				SWIFT_VERSION = 5.0;
				TARGETED_DEVICE_FAMILY = "1,2";
				TEST_TARGET_NAME = FlickrCodeChallenge;
			};
			name = Debug;
		};
		74E63ACC2D5D5AF7003C0744 /* Release */ = {
			isa = XCBuildConfiguration;
			buildSettings = {
				CODE_SIGN_IDENTITY = "Apple Development";
				CODE_SIGN_STYLE = Automatic;
				CURRENT_PROJECT_VERSION = 1;
				DEVELOPMENT_TEAM = 5GC95NP93V;
				GENERATE_INFOPLIST_FILE = YES;
				MARKETING_VERSION = 1.0;
				PRODUCT_BUNDLE_IDENTIFIER = com.flickrcode.challenge.FlickrCodeChallengeUITests;
				PRODUCT_NAME = "$(TARGET_NAME)";
				PROVISIONING_PROFILE_SPECIFIER = "";
				SWIFT_EMIT_LOC_STRINGS = NO;
				SWIFT_VERSION = 5.0;
				TARGETED_DEVICE_FAMILY = "1,2";
				TEST_TARGET_NAME = FlickrCodeChallenge;
			};
			name = Release;
		};
/* End XCBuildConfiguration section */

/* Begin XCConfigurationList section */
		74E63A9B2D5D5AF5003C0744 /* Build configuration list for PBXProject "FlickrCodeChallenge" */ = {
			isa = XCConfigurationList;
			buildConfigurations = (
				74E63AC22D5D5AF7003C0744 /* Debug */,
				74E63AC32D5D5AF7003C0744 /* Release */,
			);
			defaultConfigurationIsVisible = 0;
			defaultConfigurationName = Release;
		};
		74E63AC42D5D5AF7003C0744 /* Build configuration list for PBXNativeTarget "FlickrCodeChallenge" */ = {
			isa = XCConfigurationList;
			buildConfigurations = (
				74E63AC52D5D5AF7003C0744 /* Debug */,
				74E63AC62D5D5AF7003C0744 /* Release */,
			);
			defaultConfigurationIsVisible = 0;
			defaultConfigurationName = Release;
		};
		74E63AC72D5D5AF7003C0744 /* Build configuration list for PBXNativeTarget "FlickrCodeChallengeTests" */ = {
			isa = XCConfigurationList;
			buildConfigurations = (
				74E63AC82D5D5AF7003C0744 /* Debug */,
				74E63AC92D5D5AF7003C0744 /* Release */,
			);
			defaultConfigurationIsVisible = 0;
			defaultConfigurationName = Release;
		};
		74E63ACA2D5D5AF7003C0744 /* Build configuration list for PBXNativeTarget "FlickrCodeChallengeUITests" */ = {
			isa = XCConfigurationList;
			buildConfigurations = (
				74E63ACB2D5D5AF7003C0744 /* Debug */,
				74E63ACC2D5D5AF7003C0744 /* Release */,
			);
			defaultConfigurationIsVisible = 0;
			defaultConfigurationName = Release;
		};
/* End XCConfigurationList section */
	};
	rootObject = 74E63A982D5D5AF5003C0744 /* Project object */;
}
